
Microsoft Visual Studio Solution File, Format Version 12.00
# Visual Studio 15
VisualStudioVersion = 15.0.28307.421
MinimumVisualStudioVersion = 10.0.40219.1
Project("{FAE04EC0-301F-11D3-BF4B-00C04F79EFBC}") = "Dooz", "Dooz\Dooz.csproj", "{6EF51AF8-9BA6-4D64-B294-9BDF41C7D4F4}"
EndProject
Global
	GlobalSection(SolutionConfigurationPlatforms) = preSolution
		Debug|Any CPU = Debug|Any CPU
		Release|Any CPU = Release|Any CPU
	EndGlobalSection
	GlobalSection(ProjectConfigurationPlatforms) = postSolution
		{6EF51AF8-9BA6-4D64-B294-9BDF41C7D4F4}.Debug|Any CPU.ActiveCfg = Debug|Any CPU
		{6EF51AF8-9BA6-4D64-B294-9BDF41C7D4F4}.Debug|Any CPU.Build.0 = Debug|Any CPU
		{6EF51AF8-9BA6-4D64-B294-9BDF41C7D4F4}.Release|Any CPU.ActiveCfg = Release|Any CPU
		{6EF51AF8-9BA6-4D64-B294-9BDF41C7D4F4}.Release|Any CPU.Build.0 = Release|Any CPU
	EndGlobalSection
	GlobalSection(SolutionProperties) = preSolution
		HideSolutionNode = FALSE
	EndGlobalSection
	GlobalSection(ExtensibilityGlobals) = postSolution
		SolutionGuid = {0FE40AB2-9C05-4BAE-ACE5-9782AFC1BD15}
	EndGlobalSection
EndGlobal
